{
    "version": 3,
    "terraform_version": "0.12.31",
    "serial": 1,
    "lineage": "1e647d75-bf41-21fc-5f21-5c7ea65da4b2",
    "modules": [
        {
            "path": [
                "root"
            ],
            "outputs": {
                "aws_instance_tfer--i-0316a61604e1978a8_kops_id": {
                    "sensitive": false,
                    "type": "string",
                    "value": "i-0316a61604e1978a8"
                },
                "aws_instance_tfer--i-0841c5e1f99e437ec_bastion-instance_id": {
                    "sensitive": false,
                    "type": "string",
                    "value": "i-0841c5e1f99e437ec"
                },
                "aws_instance_tfer--i-0df1e7a3354a66d64_web-instance_id": {
                    "sensitive": false,
                    "type": "string",
                    "value": "i-0df1e7a3354a66d64"
                }
            },
            "resources": {
                "aws_instance.tfer--i-0316a61604e1978a8_kops": {
                    "type": "aws_instance",
                    "depends_on": [],
                    "primary": {
                        "id": "i-0316a61604e1978a8",
                        "attributes": {
                            "ami": "ami-0fa91bc90632c73c9",
                            "arn": "arn:aws:ec2:eu-north-1:820242945499:instance/i-0316a61604e1978a8",
                            "associate_public_ip_address": "false",
                            "availability_zone": "eu-north-1b",
                            "capacity_reservation_specification.#": "1",
                            "capacity_reservation_specification.0.capacity_reservation_preference": "open",
                            "capacity_reservation_specification.0.capacity_reservation_target.#": "0",
                            "cpu_core_count": "1",
                            "cpu_options.#": "1",
                            "cpu_options.0.amd_sev_snp": "",
                            "cpu_options.0.core_count": "1",
                            "cpu_options.0.threads_per_core": "2",
                            "cpu_threads_per_core": "2",
                            "credit_specification.#": "1",
                            "credit_specification.0.cpu_credits": "unlimited",
                            "disable_api_stop": "false",
                            "disable_api_termination": "false",
                            "ebs_block_device.#": "0",
                            "ebs_optimized": "true",
                            "enclave_options.#": "1",
                            "enclave_options.0.enabled": "false",
                            "ephemeral_block_device.#": "0",
                            "get_password_data": "false",
                            "hibernation": "false",
                            "host_id": "",
                            "iam_instance_profile": "",
                            "id": "i-0316a61604e1978a8",
                            "instance_initiated_shutdown_behavior": "stop",
                            "instance_lifecycle": "",
                            "instance_market_options.#": "0",
                            "instance_state": "stopped",
                            "instance_type": "t3.micro",
                            "ipv6_address_count": "0",
                            "ipv6_addresses.#": "0",
                            "key_name": "kops-key",
                            "launch_template.#": "0",
                            "maintenance_options.#": "1",
                            "maintenance_options.0.auto_recovery": "default",
                            "metadata_options.#": "1",
                            "metadata_options.0.http_endpoint": "enabled",
                            "metadata_options.0.http_protocol_ipv6": "disabled",
                            "metadata_options.0.http_put_response_hop_limit": "2",
                            "metadata_options.0.http_tokens": "required",
                            "metadata_options.0.instance_metadata_tags": "disabled",
                            "monitoring": "false",
                            "network_interface.#": "0",
                            "outpost_arn": "",
                            "password_data": "",
                            "placement_group": "",
                            "placement_partition_number": "0",
                            "primary_network_interface_id": "eni-0da8afa95ff9fdff6",
                            "private_dns": "ip-172-31-33-50.eu-north-1.compute.internal",
                            "private_dns_name_options.#": "1",
                            "private_dns_name_options.0.enable_resource_name_dns_a_record": "true",
                            "private_dns_name_options.0.enable_resource_name_dns_aaaa_record": "false",
                            "private_dns_name_options.0.hostname_type": "ip-name",
                            "private_ip": "172.31.33.50",
                            "public_dns": "",
                            "public_ip": "",
                            "root_block_device.#": "1",
                            "root_block_device.0.delete_on_termination": "true",
                            "root_block_device.0.device_name": "/dev/sda1",
                            "root_block_device.0.encrypted": "false",
                            "root_block_device.0.iops": "0",
                            "root_block_device.0.kms_key_id": "",
                            "root_block_device.0.tags.%": "0",
                            "root_block_device.0.tags_all.%": "0",
                            "root_block_device.0.throughput": "0",
                            "root_block_device.0.volume_id": "vol-081295a05f39250ea",
                            "root_block_device.0.volume_size": "8",
                            "root_block_device.0.volume_type": "standard",
                            "secondary_private_ips.#": "0",
                            "security_groups.#": "1",
                            "security_groups.0": "kops-sg",
                            "source_dest_check": "true",
                            "spot_instance_request_id": "",
                            "subnet_id": "subnet-04d8de9d047115037",
                            "tags.%": "1",
                            "tags.Name": "kops",
                            "tags_all.%": "1",
                            "tags_all.Name": "kops",
                            "tenancy": "default",
                            "user_data_base64": "",
                            "vpc_security_group_ids.#": "1",
                            "vpc_security_group_ids.0": "sg-04465dd16362a73c0"
                        },
                        "meta": {
                            "schema_version": 1
                        },
                        "tainted": false
                    },
                    "deposed": [],
                    "provider": "provider.aws"
                },
                "aws_instance.tfer--i-0841c5e1f99e437ec_bastion-instance": {
                    "type": "aws_instance",
                    "depends_on": [],
                    "primary": {
                        "id": "i-0841c5e1f99e437ec",
                        "attributes": {
                            "ami": "ami-0761cc1e723743dd4",
                            "arn": "arn:aws:ec2:eu-north-1:820242945499:instance/i-0841c5e1f99e437ec",
                            "associate_public_ip_address": "true",
                            "availability_zone": "eu-north-1b",
                            "capacity_reservation_specification.#": "1",
                            "capacity_reservation_specification.0.capacity_reservation_preference": "open",
                            "capacity_reservation_specification.0.capacity_reservation_target.#": "0",
                            "cpu_core_count": "1",
                            "cpu_options.#": "1",
                            "cpu_options.0.amd_sev_snp": "",
                            "cpu_options.0.core_count": "1",
                            "cpu_options.0.threads_per_core": "2",
                            "cpu_threads_per_core": "2",
                            "credit_specification.#": "1",
                            "credit_specification.0.cpu_credits": "unlimited",
                            "disable_api_stop": "false",
                            "disable_api_termination": "false",
                            "ebs_block_device.#": "0",
                            "ebs_optimized": "true",
                            "enclave_options.#": "1",
                            "enclave_options.0.enabled": "false",
                            "ephemeral_block_device.#": "0",
                            "get_password_data": "false",
                            "hibernation": "false",
                            "host_id": "",
                            "iam_instance_profile": "",
                            "id": "i-0841c5e1f99e437ec",
                            "instance_initiated_shutdown_behavior": "stop",
                            "instance_lifecycle": "",
                            "instance_market_options.#": "0",
                            "instance_state": "running",
                            "instance_type": "t3.micro",
                            "ipv6_address_count": "0",
                            "ipv6_addresses.#": "0",
                            "key_name": "natos-bastion-key",
                            "launch_template.#": "0",
                            "maintenance_options.#": "1",
                            "maintenance_options.0.auto_recovery": "default",
                            "metadata_options.#": "1",
                            "metadata_options.0.http_endpoint": "enabled",
                            "metadata_options.0.http_protocol_ipv6": "disabled",
                            "metadata_options.0.http_put_response_hop_limit": "1",
                            "metadata_options.0.http_tokens": "optional",
                            "metadata_options.0.instance_metadata_tags": "disabled",
                            "monitoring": "false",
                            "network_interface.#": "0",
                            "outpost_arn": "",
                            "password_data": "",
                            "placement_group": "",
                            "placement_partition_number": "0",
                            "primary_network_interface_id": "eni-07f237a9213f76d03",
                            "private_dns": "ip-172-20-2-110.eu-north-1.compute.internal",
                            "private_dns_name_options.#": "1",
                            "private_dns_name_options.0.enable_resource_name_dns_a_record": "false",
                            "private_dns_name_options.0.enable_resource_name_dns_aaaa_record": "false",
                            "private_dns_name_options.0.hostname_type": "ip-name",
                            "private_ip": "172.20.2.110",
                            "public_dns": "ec2-51-20-37-48.eu-north-1.compute.amazonaws.com",
                            "public_ip": "51.20.37.48",
                            "root_block_device.#": "1",
                            "root_block_device.0.delete_on_termination": "true",
                            "root_block_device.0.device_name": "/dev/sda1",
                            "root_block_device.0.encrypted": "false",
                            "root_block_device.0.iops": "100",
                            "root_block_device.0.kms_key_id": "",
                            "root_block_device.0.tags.%": "0",
                            "root_block_device.0.tags_all.%": "0",
                            "root_block_device.0.throughput": "0",
                            "root_block_device.0.volume_id": "vol-082944b946eb54563",
                            "root_block_device.0.volume_size": "8",
                            "root_block_device.0.volume_type": "gp2",
                            "secondary_private_ips.#": "0",
                            "security_groups.#": "0",
                            "source_dest_check": "true",
                            "spot_instance_request_id": "",
                            "subnet_id": "subnet-0c2e68a0711607acb",
                            "tags.%": "1",
                            "tags.Name": "bastion-instance",
                            "tags_all.%": "1",
                            "tags_all.Name": "bastion-instance",
                            "tenancy": "default",
                            "user_data_base64": "",
                            "vpc_security_group_ids.#": "1",
                            "vpc_security_group_ids.0": "sg-0f905033e03606f98"
                        },
                        "meta": {
                            "schema_version": 1
                        },
                        "tainted": false
                    },
                    "deposed": [],
                    "provider": "provider.aws"
                },
                "aws_instance.tfer--i-0df1e7a3354a66d64_web-instance": {
                    "type": "aws_instance",
                    "depends_on": [],
                    "primary": {
                        "id": "i-0df1e7a3354a66d64",
                        "attributes": {
                            "ami": "ami-07c512d1e275529a2",
                            "arn": "arn:aws:ec2:eu-north-1:820242945499:instance/i-0df1e7a3354a66d64",
                            "associate_public_ip_address": "false",
                            "availability_zone": "eu-north-1a",
                            "capacity_reservation_specification.#": "1",
                            "capacity_reservation_specification.0.capacity_reservation_preference": "open",
                            "capacity_reservation_specification.0.capacity_reservation_target.#": "0",
                            "cpu_core_count": "1",
                            "cpu_options.#": "1",
                            "cpu_options.0.amd_sev_snp": "",
                            "cpu_options.0.core_count": "1",
                            "cpu_options.0.threads_per_core": "2",
                            "cpu_threads_per_core": "2",
                            "credit_specification.#": "1",
                            "credit_specification.0.cpu_credits": "unlimited",
                            "disable_api_stop": "false",
                            "disable_api_termination": "false",
                            "ebs_block_device.#": "0",
                            "ebs_optimized": "true",
                            "enclave_options.#": "1",
                            "enclave_options.0.enabled": "false",
                            "ephemeral_block_device.#": "0",
                            "get_password_data": "false",
                            "hibernation": "false",
                            "host_id": "",
                            "iam_instance_profile": "",
                            "id": "i-0df1e7a3354a66d64",
                            "instance_initiated_shutdown_behavior": "stop",
                            "instance_lifecycle": "",
                            "instance_market_options.#": "0",
                            "instance_state": "running",
                            "instance_type": "t3.micro",
                            "ipv6_address_count": "0",
                            "ipv6_addresses.#": "0",
                            "key_name": "web-key-from-bastion",
                            "launch_template.#": "0",
                            "maintenance_options.#": "1",
                            "maintenance_options.0.auto_recovery": "default",
                            "metadata_options.#": "1",
                            "metadata_options.0.http_endpoint": "enabled",
                            "metadata_options.0.http_protocol_ipv6": "disabled",
                            "metadata_options.0.http_put_response_hop_limit": "2",
                            "metadata_options.0.http_tokens": "required",
                            "metadata_options.0.instance_metadata_tags": "disabled",
                            "monitoring": "false",
                            "network_interface.#": "0",
                            "outpost_arn": "",
                            "password_data": "",
                            "placement_group": "",
                            "placement_partition_number": "0",
                            "primary_network_interface_id": "eni-09e7cd9060ad2a21d",
                            "private_dns": "ip-172-20-3-22.eu-north-1.compute.internal",
                            "private_dns_name_options.#": "1",
                            "private_dns_name_options.0.enable_resource_name_dns_a_record": "false",
                            "private_dns_name_options.0.enable_resource_name_dns_aaaa_record": "false",
                            "private_dns_name_options.0.hostname_type": "ip-name",
                            "private_ip": "172.20.3.22",
                            "public_dns": "",
                            "public_ip": "",
                            "root_block_device.#": "1",
                            "root_block_device.0.delete_on_termination": "true",
                            "root_block_device.0.device_name": "/dev/xvda",
                            "root_block_device.0.encrypted": "false",
                            "root_block_device.0.iops": "3000",
                            "root_block_device.0.kms_key_id": "",
                            "root_block_device.0.tags.%": "0",
                            "root_block_device.0.tags_all.%": "0",
                            "root_block_device.0.throughput": "125",
                            "root_block_device.0.volume_id": "vol-0c6e586a138e8a625",
                            "root_block_device.0.volume_size": "30",
                            "root_block_device.0.volume_type": "gp3",
                            "secondary_private_ips.#": "0",
                            "security_groups.#": "0",
                            "source_dest_check": "true",
                            "spot_instance_request_id": "",
                            "subnet_id": "subnet-052cfc95d8800114b",
                            "tags.%": "1",
                            "tags.Name": "web-instance",
                            "tags_all.%": "1",
                            "tags_all.Name": "web-instance",
                            "tenancy": "default",
                            "user_data_base64": "",
                            "vpc_security_group_ids.#": "1",
                            "vpc_security_group_ids.0": "sg-0928e4d9d73be584a"
                        },
                        "meta": {
                            "schema_version": 1
                        },
                        "tainted": false
                    },
                    "deposed": [],
                    "provider": "provider.aws"
                }
            },
            "depends_on": []
        }
    ]
}
